
Microsoft Visual Studio Solution File, Format Version 12.00
# Visual Studio Version 17
VisualStudioVersion = 17.3.32825.248
MinimumVisualStudioVersion = 10.0.40219.1
Project("{2150E333-8FDC-42A3-9474-1A3956D46DE8}") = "Integra", "Integra", "{0E28485A-1045-4D4D-900D-1866A7E0FE90}"
EndProject
Project("{2150E333-8FDC-42A3-9474-1A3956D46DE8}") = "Common", "Common", "{AA6379D5-7DD7-4439-9AF7-AF52CEEE5D81}"
EndProject
Project("{9A19103F-16F7-4668-BE54-9A1E7A4F7556}") = "Common.DTO", "Common.DTO\Common.DTO.csproj", "{A3ED5B98-7496-4812-BD67-11FF98D4587C}"
EndProject
Project("{9A19103F-16F7-4668-BE54-9A1E7A4F7556}") = "Common.Infrastructure", "Common.Infrastructure\Common.Infrastructure.csproj", "{68655D4D-07A7-4466-BF4F-52C8CFC3EEA0}"
EndProject
Project("{9A19103F-16F7-4668-BE54-9A1E7A4F7556}") = "Common.Functions", "Common.Functions\Common.Functions.csproj", "{3D9173BC-0AEA-4039-B645-E5555DCB5678}"
EndProject
Project("{9A19103F-16F7-4668-BE54-9A1E7A4F7556}") = "Common.DataAccess", "Common.DataAccess\Common.DataAccess.csproj", "{96B85E30-BB54-454A-89D9-3606A40DDD42}"
EndProject
Project("{9A19103F-16F7-4668-BE54-9A1E7A4F7556}") = "KeepHealth.Service", "KeepHealth.Service\KeepHealth.Service.csproj", "{BACE95A4-2930-4426-B85E-4D57F20143CD}"
EndProject
Project("{9A19103F-16F7-4668-BE54-9A1E7A4F7556}") = "KeepHealth.Persistence", "KeepHealth.Persistence\KeepHealth.Persistence.csproj", "{AAF30EDD-A629-4DC7-82B4-A399B8005111}"
EndProject
Project("{9A19103F-16F7-4668-BE54-9A1E7A4F7556}") = "KeepHealth.Domain", "KeepHealth.Domain\KeepHealth.Domain.csproj", "{442D5193-532F-46B0-BF1C-0E2E62F31F6F}"
EndProject
Project("{9A19103F-16F7-4668-BE54-9A1E7A4F7556}") = "KeepHealth.Application", "KeepHealth.Application\KeepHealth.Application.csproj", "{6C83012C-7B95-4E5C-96E7-77B14FE3BA7E}"
EndProject
Project("{9A19103F-16F7-4668-BE54-9A1E7A4F7556}") = "KeepHealth.API", "KeepHealth.API\KeepHealth.API.csproj", "{18655CAA-44B1-4640-808A-55C369DE5E3C}"
EndProject
Global
	GlobalSection(SolutionConfigurationPlatforms) = preSolution
		Debug|Any CPU = Debug|Any CPU
		Release|Any CPU = Release|Any CPU
	EndGlobalSection
	GlobalSection(ProjectConfigurationPlatforms) = postSolution
		{A3ED5B98-7496-4812-BD67-11FF98D4587C}.Debug|Any CPU.ActiveCfg = Debug|Any CPU
		{A3ED5B98-7496-4812-BD67-11FF98D4587C}.Debug|Any CPU.Build.0 = Debug|Any CPU
		{A3ED5B98-7496-4812-BD67-11FF98D4587C}.Release|Any CPU.ActiveCfg = Release|Any CPU
		{A3ED5B98-7496-4812-BD67-11FF98D4587C}.Release|Any CPU.Build.0 = Release|Any CPU
		{68655D4D-07A7-4466-BF4F-52C8CFC3EEA0}.Debug|Any CPU.ActiveCfg = Debug|Any CPU
		{68655D4D-07A7-4466-BF4F-52C8CFC3EEA0}.Debug|Any CPU.Build.0 = Debug|Any CPU
		{68655D4D-07A7-4466-BF4F-52C8CFC3EEA0}.Release|Any CPU.ActiveCfg = Release|Any CPU
		{68655D4D-07A7-4466-BF4F-52C8CFC3EEA0}.Release|Any CPU.Build.0 = Release|Any CPU
		{3D9173BC-0AEA-4039-B645-E5555DCB5678}.Debug|Any CPU.ActiveCfg = Debug|Any CPU
		{3D9173BC-0AEA-4039-B645-E5555DCB5678}.Debug|Any CPU.Build.0 = Debug|Any CPU
		{3D9173BC-0AEA-4039-B645-E5555DCB5678}.Release|Any CPU.ActiveCfg = Release|Any CPU
		{3D9173BC-0AEA-4039-B645-E5555DCB5678}.Release|Any CPU.Build.0 = Release|Any CPU
		{96B85E30-BB54-454A-89D9-3606A40DDD42}.Debug|Any CPU.ActiveCfg = Debug|Any CPU
		{96B85E30-BB54-454A-89D9-3606A40DDD42}.Debug|Any CPU.Build.0 = Debug|Any CPU
		{96B85E30-BB54-454A-89D9-3606A40DDD42}.Release|Any CPU.ActiveCfg = Release|Any CPU
		{96B85E30-BB54-454A-89D9-3606A40DDD42}.Release|Any CPU.Build.0 = Release|Any CPU
		{BACE95A4-2930-4426-B85E-4D57F20143CD}.Debug|Any CPU.ActiveCfg = Debug|Any CPU
		{BACE95A4-2930-4426-B85E-4D57F20143CD}.Debug|Any CPU.Build.0 = Debug|Any CPU
		{BACE95A4-2930-4426-B85E-4D57F20143CD}.Release|Any CPU.ActiveCfg = Release|Any CPU
		{BACE95A4-2930-4426-B85E-4D57F20143CD}.Release|Any CPU.Build.0 = Release|Any CPU
		{AAF30EDD-A629-4DC7-82B4-A399B8005111}.Debug|Any CPU.ActiveCfg = Debug|Any CPU
		{AAF30EDD-A629-4DC7-82B4-A399B8005111}.Debug|Any CPU.Build.0 = Debug|Any CPU
		{AAF30EDD-A629-4DC7-82B4-A399B8005111}.Release|Any CPU.ActiveCfg = Release|Any CPU
		{AAF30EDD-A629-4DC7-82B4-A399B8005111}.Release|Any CPU.Build.0 = Release|Any CPU
		{442D5193-532F-46B0-BF1C-0E2E62F31F6F}.Debug|Any CPU.ActiveCfg = Debug|Any CPU
		{442D5193-532F-46B0-BF1C-0E2E62F31F6F}.Debug|Any CPU.Build.0 = Debug|Any CPU
		{442D5193-532F-46B0-BF1C-0E2E62F31F6F}.Release|Any CPU.ActiveCfg = Release|Any CPU
		{442D5193-532F-46B0-BF1C-0E2E62F31F6F}.Release|Any CPU.Build.0 = Release|Any CPU
		{6C83012C-7B95-4E5C-96E7-77B14FE3BA7E}.Debug|Any CPU.ActiveCfg = Debug|Any CPU
		{6C83012C-7B95-4E5C-96E7-77B14FE3BA7E}.Debug|Any CPU.Build.0 = Debug|Any CPU
		{6C83012C-7B95-4E5C-96E7-77B14FE3BA7E}.Release|Any CPU.ActiveCfg = Release|Any CPU
		{6C83012C-7B95-4E5C-96E7-77B14FE3BA7E}.Release|Any CPU.Build.0 = Release|Any CPU
		{18655CAA-44B1-4640-808A-55C369DE5E3C}.Debug|Any CPU.ActiveCfg = Debug|Any CPU
		{18655CAA-44B1-4640-808A-55C369DE5E3C}.Debug|Any CPU.Build.0 = Debug|Any CPU
		{18655CAA-44B1-4640-808A-55C369DE5E3C}.Release|Any CPU.ActiveCfg = Release|Any CPU
		{18655CAA-44B1-4640-808A-55C369DE5E3C}.Release|Any CPU.Build.0 = Release|Any CPU
	EndGlobalSection
	GlobalSection(SolutionProperties) = preSolution
		HideSolutionNode = FALSE
	EndGlobalSection
	GlobalSection(NestedProjects) = preSolution
		{A3ED5B98-7496-4812-BD67-11FF98D4587C} = {AA6379D5-7DD7-4439-9AF7-AF52CEEE5D81}
		{68655D4D-07A7-4466-BF4F-52C8CFC3EEA0} = {AA6379D5-7DD7-4439-9AF7-AF52CEEE5D81}
		{3D9173BC-0AEA-4039-B645-E5555DCB5678} = {AA6379D5-7DD7-4439-9AF7-AF52CEEE5D81}
		{96B85E30-BB54-454A-89D9-3606A40DDD42} = {AA6379D5-7DD7-4439-9AF7-AF52CEEE5D81}
		{BACE95A4-2930-4426-B85E-4D57F20143CD} = {0E28485A-1045-4D4D-900D-1866A7E0FE90}
		{AAF30EDD-A629-4DC7-82B4-A399B8005111} = {0E28485A-1045-4D4D-900D-1866A7E0FE90}
		{442D5193-532F-46B0-BF1C-0E2E62F31F6F} = {0E28485A-1045-4D4D-900D-1866A7E0FE90}
		{6C83012C-7B95-4E5C-96E7-77B14FE3BA7E} = {0E28485A-1045-4D4D-900D-1866A7E0FE90}
		{18655CAA-44B1-4640-808A-55C369DE5E3C} = {0E28485A-1045-4D4D-900D-1866A7E0FE90}
	EndGlobalSection
	GlobalSection(ExtensibilityGlobals) = postSolution
		SolutionGuid = {4ABF087E-33E9-4441-8092-F17025A3A5D3}
	EndGlobalSection
EndGlobal
